// !$*UTF8*$!
{
	archiveVersion = 1;
	classes = {
	};
	objectVersion = 77;
	objects = {

/* Begin PBXContainerItemProxy section */
		DCBCAAE52CB1B1A500A183C9 /* PBXContainerItemProxy */ = {
			isa = PBXContainerItemProxy;
			containerPortal = DCBCAAD72CB1B1A500A183C9 /* Project object */;
			proxyType = 1;
			remoteGlobalIDString = DCBCAAE22CB1B1A500A183C9;
			remoteInfo = "Divergence_Meter_Watchface Watch App";
		};
		DCBCAAF62CB1B1A600A183C9 /* PBXContainerItemProxy */ = {
			isa = PBXContainerItemProxy;
			containerPortal = DCBCAAD72CB1B1A500A183C9 /* Project object */;
			proxyType = 1;
			remoteGlobalIDString = DCBCAAE22CB1B1A500A183C9;
			remoteInfo = "Divergence_Meter_Watchface Watch App";
		};
		DCBCAB002CB1B1A600A183C9 /* PBXContainerItemProxy */ = {
			isa = PBXContainerItemProxy;
			containerPortal = DCBCAAD72CB1B1A500A183C9 /* Project object */;
			proxyType = 1;
			remoteGlobalIDString = DCBCAAE22CB1B1A500A183C9;
			remoteInfo = "Divergence_Meter_Watchface Watch App";
		};
/* End PBXContainerItemProxy section */

/* Begin PBXCopyFilesBuildPhase section */
		DCBCAB0C2CB1B1A600A183C9 /* Embed Watch Content */ = {
			isa = PBXCopyFilesBuildPhase;
			buildActionMask = 2147483647;
			dstPath = "$(CONTENTS_FOLDER_PATH)/Watch";
			dstSubfolderSpec = 16;
			files = (
			);
			name = "Embed Watch Content";
			runOnlyForDeploymentPostprocessing = 0;
		};
/* End PBXCopyFilesBuildPhase section */

/* Begin PBXFileReference section */
		DC93D4462CB1BFF60072B7E8 /* Divergence_Meter_Watchface.app */ = {isa = PBXFileReference; explicitFileType = wrapper.application; includeInIndex = 0; name = Divergence_Meter_Watchface.app; path = "/Users/vopekdas/Documents/Divergence_Meter_Watchface/Divergence_Meter_Watchface/build/Debug-iphoneos/Divergence_Meter_Watchface.app"; sourceTree = "<absolute>"; };
		DC93D4472CB1BFF60072B7E8 /* Divergence_Meter_Watchface Watch AppTests.xctest */ = {isa = PBXFileReference; explicitFileType = wrapper.cfbundle; includeInIndex = 0; name = "Divergence_Meter_Watchface Watch AppTests.xctest"; path = "/Users/vopekdas/Documents/Divergence_Meter_Watchface/Divergence_Meter_Watchface/build/Debug-watchos/Divergence_Meter_Watchface Watch App.app/PlugIns/Divergence_Meter_Watchface Watch AppTests.xctest"; sourceTree = "<absolute>"; };
		DC93D4482CB1BFF60072B7E8 /* Divergence_Meter_Watchface Watch AppUITests.xctest */ = {isa = PBXFileReference; explicitFileType = wrapper.cfbundle; includeInIndex = 0; name = "Divergence_Meter_Watchface Watch AppUITests.xctest"; path = "/Users/vopekdas/Documents/Divergence_Meter_Watchface/Divergence_Meter_Watchface/build/Debug-watchos/Divergence_Meter_Watchface Watch AppUITests-Runner.app/PlugIns/Divergence_Meter_Watchface Watch AppUITests.xctest"; sourceTree = "<absolute>"; };
		DCBCAB2D2CB1BE4700A183C9 /* Divergence_Meter_Watchface Watch App.app */ = {isa = PBXFileReference; explicitFileType = wrapper.application; includeInIndex = 0; name = "Divergence_Meter_Watchface Watch App.app"; path = "/Users/vopekdas/Documents/Divergence_Meter_Watchface/Divergence_Meter_Watchface/build/Debug-watchos/Divergence_Meter_Watchface Watch App.app"; sourceTree = "<absolute>"; };
/* End PBXFileReference section */

/* Begin PBXFileSystemSynchronizedRootGroup section */
		DC93D47A2CB1C6120072B7E8 /* font */ = {
			isa = PBXFileSystemSynchronizedRootGroup;
			path = font;
			sourceTree = "<group>";
		};
		DCBCAAE72CB1B1A500A183C9 /* Divergence_Meter_Watchface Watch App */ = {
			isa = PBXFileSystemSynchronizedRootGroup;
			path = "Divergence_Meter_Watchface Watch App";
			sourceTree = "<group>";
		};
		DCBCAAF82CB1B1A600A183C9 /* Divergence_Meter_Watchface Watch AppTests */ = {
			isa = PBXFileSystemSynchronizedRootGroup;
			path = "Divergence_Meter_Watchface Watch AppTests";
			sourceTree = "<group>";
		};
		DCBCAB022CB1B1A600A183C9 /* Divergence_Meter_Watchface Watch AppUITests */ = {
			isa = PBXFileSystemSynchronizedRootGroup;
			path = "Divergence_Meter_Watchface Watch AppUITests";
			sourceTree = "<group>";
		};
/* End PBXFileSystemSynchronizedRootGroup section */

/* Begin PBXFrameworksBuildPhase section */
		DCBCAAE02CB1B1A500A183C9 /* Frameworks */ = {
			isa = PBXFrameworksBuildPhase;
			buildActionMask = 2147483647;
			files = (
			);
			runOnlyForDeploymentPostprocessing = 0;
		};
		DCBCAAF22CB1B1A600A183C9 /* Frameworks */ = {
			isa = PBXFrameworksBuildPhase;
			buildActionMask = 2147483647;
			files = (
			);
			runOnlyForDeploymentPostprocessing = 0;
		};
		DCBCAAFC2CB1B1A600A183C9 /* Frameworks */ = {
			isa = PBXFrameworksBuildPhase;
			buildActionMask = 2147483647;
			files = (
			);
			runOnlyForDeploymentPostprocessing = 0;
		};
/* End PBXFrameworksBuildPhase section */

/* Begin PBXGroup section */
		DCBCAAD62CB1B1A500A183C9 = {
			isa = PBXGroup;
			children = (
				DCBCAAE72CB1B1A500A183C9 /* Divergence_Meter_Watchface Watch App */,
				DCBCAAF82CB1B1A600A183C9 /* Divergence_Meter_Watchface Watch AppTests */,
				DCBCAB022CB1B1A600A183C9 /* Divergence_Meter_Watchface Watch AppUITests */,
				DC93D47A2CB1C6120072B7E8 /* font */,
			);
			sourceTree = "<group>";
		};
/* End PBXGroup section */

/* Begin PBXNativeTarget section */
		DCBCAADC2CB1B1A500A183C9 /* Divergence_Meter_Watchface */ = {
			isa = PBXNativeTarget;
			buildConfigurationList = DCBCAB0D2CB1B1A600A183C9 /* Build configuration list for PBXNativeTarget "Divergence_Meter_Watchface" */;
			buildPhases = (
				DCBCAADB2CB1B1A500A183C9 /* Resources */,
				DCBCAB0C2CB1B1A600A183C9 /* Embed Watch Content */,
			);
			buildRules = (
			);
			dependencies = (
				DCBCAAE62CB1B1A500A183C9 /* PBXTargetDependency */,
			);
			name = Divergence_Meter_Watchface;
			packageProductDependencies = (
			);
			productName = Divergence_Meter_Watchface;
			productReference = DC93D4462CB1BFF60072B7E8 /* Divergence_Meter_Watchface.app */;
			productType = "com.apple.product-type.application.watchapp2-container";
		};
		DCBCAAE22CB1B1A500A183C9 /* Divergence_Meter_Watchface Watch App */ = {
			isa = PBXNativeTarget;
			buildConfigurationList = DCBCAB092CB1B1A600A183C9 /* Build configuration list for PBXNativeTarget "Divergence_Meter_Watchface Watch App" */;
			buildPhases = (
				DCBCAADF2CB1B1A500A183C9 /* Sources */,
				DCBCAAE02CB1B1A500A183C9 /* Frameworks */,
				DCBCAAE12CB1B1A500A183C9 /* Resources */,
			);
			buildRules = (
			);
			dependencies = (
			);
			fileSystemSynchronizedGroups = (
				DC93D47A2CB1C6120072B7E8 /* font */,
				DCBCAAE72CB1B1A500A183C9 /* Divergence_Meter_Watchface Watch App */,
			);
			name = "Divergence_Meter_Watchface Watch App";
			packageProductDependencies = (
			);
			productName = "Divergence_Meter_Watchface Watch App";
			productReference = DCBCAB2D2CB1BE4700A183C9 /* Divergence_Meter_Watchface Watch App.app */;
			productType = "com.apple.product-type.application";
		};
		DCBCAAF42CB1B1A600A183C9 /* Divergence_Meter_Watchface Watch AppTests */ = {
			isa = PBXNativeTarget;
			buildConfigurationList = DCBCAB102CB1B1A600A183C9 /* Build configuration list for PBXNativeTarget "Divergence_Meter_Watchface Watch AppTests" */;
			buildPhases = (
				DCBCAAF12CB1B1A600A183C9 /* Sources */,
				DCBCAAF22CB1B1A600A183C9 /* Frameworks */,
				DCBCAAF32CB1B1A600A183C9 /* Resources */,
			);
			buildRules = (
			);
			dependencies = (
				DCBCAAF72CB1B1A600A183C9 /* PBXTargetDependency */,
			);
			fileSystemSynchronizedGroups = (
				DCBCAAF82CB1B1A600A183C9 /* Divergence_Meter_Watchface Watch AppTests */,
			);
			name = "Divergence_Meter_Watchface Watch AppTests";
			packageProductDependencies = (
			);
			productName = "Divergence_Meter_Watchface Watch AppTests";
			productReference = DC93D4472CB1BFF60072B7E8 /* Divergence_Meter_Watchface Watch AppTests.xctest */;
			productType = "com.apple.product-type.bundle.unit-test";
		};
		DCBCAAFE2CB1B1A600A183C9 /* Divergence_Meter_Watchface Watch AppUITests */ = {
			isa = PBXNativeTarget;
			buildConfigurationList = DCBCAB132CB1B1A600A183C9 /* Build configuration list for PBXNativeTarget "Divergence_Meter_Watchface Watch AppUITests" */;
			buildPhases = (
				DCBCAAFB2CB1B1A600A183C9 /* Sources */,
				DCBCAAFC2CB1B1A600A183C9 /* Frameworks */,
				DCBCAAFD2CB1B1A600A183C9 /* Resources */,
			);
			buildRules = (
			);
			dependencies = (
				DCBCAB012CB1B1A600A183C9 /* PBXTargetDependency */,
			);
			fileSystemSynchronizedGroups = (
				DCBCAB022CB1B1A600A183C9 /* Divergence_Meter_Watchface Watch AppUITests */,
			);
			name = "Divergence_Meter_Watchface Watch AppUITests";
			packageProductDependencies = (
			);
			productName = "Divergence_Meter_Watchface Watch AppUITests";
			productReference = DC93D4482CB1BFF60072B7E8 /* Divergence_Meter_Watchface Watch AppUITests.xctest */;
			productType = "com.apple.product-type.bundle.ui-testing";
		};
/* End PBXNativeTarget section */

/* Begin PBXProject section */
		DCBCAAD72CB1B1A500A183C9 /* Project object */ = {
			isa = PBXProject;
			attributes = {
				BuildIndependentTargetsInParallel = 1;
				LastSwiftUpdateCheck = 1600;
				LastUpgradeCheck = 1600;
				TargetAttributes = {
					DCBCAADC2CB1B1A500A183C9 = {
						CreatedOnToolsVersion = 16.0;
					};
					DCBCAAE22CB1B1A500A183C9 = {
						CreatedOnToolsVersion = 16.0;
					};
					DCBCAAF42CB1B1A600A183C9 = {
						CreatedOnToolsVersion = 16.0;
						TestTargetID = DCBCAAE22CB1B1A500A183C9;
					};
					DCBCAAFE2CB1B1A600A183C9 = {
						CreatedOnToolsVersion = 16.0;
						TestTargetID = DCBCAAE22CB1B1A500A183C9;
					};
				};
			};
			buildConfigurationList = DCBCAADA2CB1B1A500A183C9 /* Build configuration list for PBXProject "Divergence_Meter_Watchface" */;
			developmentRegion = en;
			hasScannedForEncodings = 0;
			knownRegions = (
				en,
				Base,
			);
			mainGroup = DCBCAAD62CB1B1A500A183C9;
			minimizedProjectReferenceProxies = 1;
			preferredProjectObjectVersion = 77;
			productRefGroup = DCBCAAD62CB1B1A500A183C9;
			projectDirPath = "";
			projectRoot = "";
			targets = (
				DCBCAADC2CB1B1A500A183C9 /* Divergence_Meter_Watchface */,
				DCBCAAE22CB1B1A500A183C9 /* Divergence_Meter_Watchface Watch App */,
				DCBCAAF42CB1B1A600A183C9 /* Divergence_Meter_Watchface Watch AppTests */,
				DCBCAAFE2CB1B1A600A183C9 /* Divergence_Meter_Watchface Watch AppUITests */,
			);
		};
/* End PBXProject section */

/* Begin PBXResourcesBuildPhase section */
		DCBCAADB2CB1B1A500A183C9 /* Resources */ = {
			isa = PBXResourcesBuildPhase;
			buildActionMask = 2147483647;
			files = (
			);
			runOnlyForDeploymentPostprocessing = 0;
		};
		DCBCAAE12CB1B1A500A183C9 /* Resources */ = {
			isa = PBXResourcesBuildPhase;
			buildActionMask = 2147483647;
			files = (
			);
			runOnlyForDeploymentPostprocessing = 0;
		};
		DCBCAAF32CB1B1A600A183C9 /* Resources */ = {
			isa = PBXResourcesBuildPhase;
			buildActionMask = 2147483647;
			files = (
			);
			runOnlyForDeploymentPostprocessing = 0;
		};
		DCBCAAFD2CB1B1A600A183C9 /* Resources */ = {
			isa = PBXResourcesBuildPhase;
			buildActionMask = 2147483647;
			files = (
			);
			runOnlyForDeploymentPostprocessing = 0;
		};
/* End PBXResourcesBuildPhase section */

/* Begin PBXSourcesBuildPhase section */
		DCBCAADF2CB1B1A500A183C9 /* Sources */ = {
			isa = PBXSourcesBuildPhase;
			buildActionMask = 2147483647;
			files = (
			);
			runOnlyForDeploymentPostprocessing = 0;
		};
		DCBCAAF12CB1B1A600A183C9 /* Sources */ = {
			isa = PBXSourcesBuildPhase;
			buildActionMask = 2147483647;
			files = (
			);
			runOnlyForDeploymentPostprocessing = 0;
		};
		DCBCAAFB2CB1B1A600A183C9 /* Sources */ = {
			isa = PBXSourcesBuildPhase;
			buildActionMask = 2147483647;
			files = (
			);
			runOnlyForDeploymentPostprocessing = 0;
		};
/* End PBXSourcesBuildPhase section */

/* Begin PBXTargetDependency section */
		DCBCAAE62CB1B1A500A183C9 /* PBXTargetDependency */ = {
			isa = PBXTargetDependency;
			target = DCBCAAE22CB1B1A500A183C9 /* Divergence_Meter_Watchface Watch App */;
			targetProxy = DCBCAAE52CB1B1A500A183C9 /* PBXContainerItemProxy */;
		};
		DCBCAAF72CB1B1A600A183C9 /* PBXTargetDependency */ = {
			isa = PBXTargetDependency;
			target = DCBCAAE22CB1B1A500A183C9 /* Divergence_Meter_Watchface Watch App */;
			targetProxy = DCBCAAF62CB1B1A600A183C9 /* PBXContainerItemProxy */;
		};
		DCBCAB012CB1B1A600A183C9 /* PBXTargetDependency */ = {
			isa = PBXTargetDependency;
			target = DCBCAAE22CB1B1A500A183C9 /* Divergence_Meter_Watchface Watch App */;
			targetProxy = DCBCAB002CB1B1A600A183C9 /* PBXContainerItemProxy */;
		};
/* End PBXTargetDependency section */

/* Begin XCBuildConfiguration section */
		DCBCAB072CB1B1A600A183C9 /* Debug */ = {
			isa = XCBuildConfiguration;
			buildSettings = {
				ALWAYS_SEARCH_USER_PATHS = NO;
				ASSETCATALOG_COMPILER_GENERATE_SWIFT_ASSET_SYMBOL_EXTENSIONS = YES;
				CLANG_ANALYZER_NONNULL = YES;
				CLANG_ANALYZER_NUMBER_OBJECT_CONVERSION = YES_AGGRESSIVE;
				CLANG_CXX_LANGUAGE_STANDARD = "gnu++20";
				CLANG_ENABLE_MODULES = YES;
				CLANG_ENABLE_OBJC_ARC = YES;
				CLANG_ENABLE_OBJC_WEAK = YES;
				CLANG_WARN_BLOCK_CAPTURE_AUTORELEASING = YES;
				CLANG_WARN_BOOL_CONVERSION = YES;
				CLANG_WARN_COMMA = YES;
				CLANG_WARN_CONSTANT_CONVERSION = YES;
				CLANG_WARN_DEPRECATED_OBJC_IMPLEMENTATIONS = YES;
				CLANG_WARN_DIRECT_OBJC_ISA_USAGE = YES_ERROR;
				CLANG_WARN_DOCUMENTATION_COMMENTS = YES;
				CLANG_WARN_EMPTY_BODY = YES;
				CLANG_WARN_ENUM_CONVERSION = YES;
				CLANG_WARN_INFINITE_RECURSION = YES;
				CLANG_WARN_INT_CONVERSION = YES;
				CLANG_WARN_NON_LITERAL_NULL_CONVERSION = YES;
				CLANG_WARN_OBJC_IMPLICIT_RETAIN_SELF = YES;
				CLANG_WARN_OBJC_LITERAL_CONVERSION = YES;
				CLANG_WARN_OBJC_ROOT_CLASS = YES_ERROR;
				CLANG_WARN_QUOTED_INCLUDE_IN_FRAMEWORK_HEADER = YES;
				CLANG_WARN_RANGE_LOOP_ANALYSIS = YES;
				CLANG_WARN_STRICT_PROTOTYPES = YES;
				CLANG_WARN_SUSPICIOUS_MOVE = YES;
				CLANG_WARN_UNGUARDED_AVAILABILITY = YES_AGGRESSIVE;
				CLANG_WARN_UNREACHABLE_CODE = YES;
				CLANG_WARN__DUPLICATE_METHOD_MATCH = YES;
				COPY_PHASE_STRIP = NO;
				DEBUG_INFORMATION_FORMAT = dwarf;
				ENABLE_STRICT_OBJC_MSGSEND = YES;
				ENABLE_TESTABILITY = YES;
				ENABLE_USER_SCRIPT_SANDBOXING = YES;
				GCC_C_LANGUAGE_STANDARD = gnu17;
				GCC_DYNAMIC_NO_PIC = NO;
				GCC_NO_COMMON_BLOCKS = YES;
				GCC_OPTIMIZATION_LEVEL = 0;
				GCC_PREPROCESSOR_DEFINITIONS = (
					"DEBUG=1",
					"$(inherited)",
				);
				GCC_WARN_64_TO_32_BIT_CONVERSION = YES;
				GCC_WARN_ABOUT_RETURN_TYPE = YES_ERROR;
				GCC_WARN_UNDECLARED_SELECTOR = YES;
				GCC_WARN_UNINITIALIZED_AUTOS = YES_AGGRESSIVE;
				GCC_WARN_UNUSED_FUNCTION = YES;
				GCC_WARN_UNUSED_VARIABLE = YES;
				LOCALIZATION_PREFERS_STRING_CATALOGS = YES;
				MTL_ENABLE_DEBUG_INFO = INCLUDE_SOURCE;
				MTL_FAST_MATH = YES;
				ONLY_ACTIVE_ARCH = YES;
				SWIFT_ACTIVE_COMPILATION_CONDITIONS = "DEBUG $(inherited)";
				SWIFT_OPTIMIZATION_LEVEL = "-Onone";
			};
			name = Debug;
		};
		DCBCAB082CB1B1A600A183C9 /* Release */ = {
			isa = XCBuildConfiguration;
			buildSettings = {
				ALWAYS_SEARCH_USER_PATHS = NO;
				ASSETCATALOG_COMPILER_GENERATE_SWIFT_ASSET_SYMBOL_EXTENSIONS = YES;
				CLANG_ANALYZER_NONNULL = YES;
				CLANG_ANALYZER_NUMBER_OBJECT_CONVERSION = YES_AGGRESSIVE;
				CLANG_CXX_LANGUAGE_STANDARD = "gnu++20";
				CLANG_ENABLE_MODULES = YES;
				CLANG_ENABLE_OBJC_ARC = YES;
				CLANG_ENABLE_OBJC_WEAK = YES;
				CLANG_WARN_BLOCK_CAPTURE_AUTORELEASING = YES;
				CLANG_WARN_BOOL_CONVERSION = YES;
				CLANG_WARN_COMMA = YES;
				CLANG_WARN_CONSTANT_CONVERSION = YES;
				CLANG_WARN_DEPRECATED_OBJC_IMPLEMENTATIONS = YES;
				CLANG_WARN_DIRECT_OBJC_ISA_USAGE = YES_ERROR;
				CLANG_WARN_DOCUMENTATION_COMMENTS = YES;
				CLANG_WARN_EMPTY_BODY = YES;
				CLANG_WARN_ENUM_CONVERSION = YES;
				CLANG_WARN_INFINITE_RECURSION = YES;
				CLANG_WARN_INT_CONVERSION = YES;
				CLANG_WARN_NON_LITERAL_NULL_CONVERSION = YES;
				CLANG_WARN_OBJC_IMPLICIT_RETAIN_SELF = YES;
				CLANG_WARN_OBJC_LITERAL_CONVERSION = YES;
				CLANG_WARN_OBJC_ROOT_CLASS = YES_ERROR;
				CLANG_WARN_QUOTED_INCLUDE_IN_FRAMEWORK_HEADER = YES;
				CLANG_WARN_RANGE_LOOP_ANALYSIS = YES;
				CLANG_WARN_STRICT_PROTOTYPES = YES;
				CLANG_WARN_SUSPICIOUS_MOVE = YES;
				CLANG_WARN_UNGUARDED_AVAILABILITY = YES_AGGRESSIVE;
				CLANG_WARN_UNREACHABLE_CODE = YES;
				CLANG_WARN__DUPLICATE_METHOD_MATCH = YES;
				COPY_PHASE_STRIP = NO;
				DEBUG_INFORMATION_FORMAT = "dwarf-with-dsym";
				ENABLE_NS_ASSERTIONS = NO;
				ENABLE_STRICT_OBJC_MSGSEND = YES;
				ENABLE_USER_SCRIPT_SANDBOXING = YES;
				GCC_C_LANGUAGE_STANDARD = gnu17;
				GCC_NO_COMMON_BLOCKS = YES;
				GCC_WARN_64_TO_32_BIT_CONVERSION = YES;
				GCC_WARN_ABOUT_RETURN_TYPE = YES_ERROR;
				GCC_WARN_UNDECLARED_SELECTOR = YES;
				GCC_WARN_UNINITIALIZED_AUTOS = YES_AGGRESSIVE;
				GCC_WARN_UNUSED_FUNCTION = YES;
				GCC_WARN_UNUSED_VARIABLE = YES;
				LOCALIZATION_PREFERS_STRING_CATALOGS = YES;
				MTL_ENABLE_DEBUG_INFO = NO;
				MTL_FAST_MATH = YES;
				SWIFT_COMPILATION_MODE = wholemodule;
			};
			name = Release;
		};
		DCBCAB0A2CB1B1A600A183C9 /* Debug */ = {
			isa = XCBuildConfiguration;
			buildSettings = {
				ASSETCATALOG_COMPILER_APPICON_NAME = AppIcon;
				ASSETCATALOG_COMPILER_GLOBAL_ACCENT_COLOR_NAME = AccentColor;
				CODE_SIGN_STYLE = Automatic;
				CURRENT_PROJECT_VERSION = 1;
				DEVELOPMENT_ASSET_PATHS = "\"Divergence_Meter_Watchface Watch App/Preview Content\"";
				ENABLE_PREVIEWS = YES;
				GENERATE_INFOPLIST_FILE = YES;
				INFOPLIST_FILE = "Divergence-Meter-Watchface-Watch-App-Info.plist";
				INFOPLIST_KEY_CFBundleDisplayName = Divergence_Meter_Watchface;
				INFOPLIST_KEY_LSApplicationCategoryType = "\"\"";
				INFOPLIST_KEY_UISupportedInterfaceOrientations = "UIInterfaceOrientationPortrait UIInterfaceOrientationPortraitUpsideDown";
				INFOPLIST_KEY_WKWatchOnly = YES;
				LD_RUNPATH_SEARCH_PATHS = (
					"$(inherited)",
					"@executable_path/Frameworks",
				);
				MARKETING_VERSION = 1.0;
				PRODUCT_BUNDLE_IDENTIFIER = "Vpekdas.Divergence-Meter-Watchface.watchkitapp";
				PRODUCT_NAME = "$(TARGET_NAME)";
				SDKROOT = watchos;
				SKIP_INSTALL = YES;
				SWIFT_EMIT_LOC_STRINGS = YES;
				SWIFT_VERSION = 5.0;
				TARGETED_DEVICE_FAMILY = 4;
				WATCHOS_DEPLOYMENT_TARGET = 11.0;
			};
			name = Debug;
		};
		DCBCAB0B2CB1B1A600A183C9 /* Release */ = {
			isa = XCBuildConfiguration;
			buildSettings = {
				ASSETCATALOG_COMPILER_APPICON_NAME = AppIcon;
				ASSETCATALOG_COMPILER_GLOBAL_ACCENT_COLOR_NAME = AccentColor;
				CODE_SIGN_STYLE = Automatic;
				CURRENT_PROJECT_VERSION = 1;
				DEVELOPMENT_ASSET_PATHS = "\"Divergence_Meter_Watchface Watch App/Preview Content\"";
				ENABLE_PREVIEWS = YES;
				GENERATE_INFOPLIST_FILE = YES;
				INFOPLIST_FILE = "Divergence-Meter-Watchface-Watch-App-Info.plist";
				INFOPLIST_KEY_CFBundleDisplayName = Divergence_Meter_Watchface;
				INFOPLIST_KEY_LSApplicationCategoryType = "\"\"";
				INFOPLIST_KEY_UISupportedInterfaceOrientations = "UIInterfaceOrientationPortrait UIInterfaceOrientationPortraitUpsideDown";
				INFOPLIST_KEY_WKWatchOnly = YES;
				LD_RUNPATH_SEARCH_PATHS = (
					"$(inherited)",
					"@executable_path/Frameworks",
				);
				MARKETING_VERSION = 1.0;
				PRODUCT_BUNDLE_IDENTIFIER = "Vpekdas.Divergence-Meter-Watchface.watchkitapp";
				PRODUCT_NAME = "$(TARGET_NAME)";
				SDKROOT = watchos;
				SKIP_INSTALL = YES;
				SWIFT_EMIT_LOC_STRINGS = YES;
				SWIFT_VERSION = 5.0;
				TARGETED_DEVICE_FAMILY = 4;
				VALIDATE_PRODUCT = YES;
				WATCHOS_DEPLOYMENT_TARGET = 11.0;
			};
			name = Release;
		};
		DCBCAB0E2CB1B1A600A183C9 /* Debug */ = {
			isa = XCBuildConfiguration;
			buildSettings = {
				CODE_SIGN_STYLE = Automatic;
				CURRENT_PROJECT_VERSION = 1;
				INFOPLIST_KEY_CFBundleDisplayName = Divergence_Meter_Watchface;
				MARKETING_VERSION = 1.0;
				PRODUCT_BUNDLE_IDENTIFIER = "Vpekdas.Divergence-Meter-Watchface";
				PRODUCT_NAME = "$(TARGET_NAME)";
				SDKROOT = iphoneos;
				SWIFT_VERSION = 5.0;
			};
			name = Debug;
		};
		DCBCAB0F2CB1B1A600A183C9 /* Release */ = {
			isa = XCBuildConfiguration;
			buildSettings = {
				CODE_SIGN_STYLE = Automatic;
				CURRENT_PROJECT_VERSION = 1;
				INFOPLIST_KEY_CFBundleDisplayName = Divergence_Meter_Watchface;
				MARKETING_VERSION = 1.0;
				PRODUCT_BUNDLE_IDENTIFIER = "Vpekdas.Divergence-Meter-Watchface";
				PRODUCT_NAME = "$(TARGET_NAME)";
				SDKROOT = iphoneos;
				SWIFT_VERSION = 5.0;
				VALIDATE_PRODUCT = YES;
			};
			name = Release;
		};
		DCBCAB112CB1B1A600A183C9 /* Debug */ = {
			isa = XCBuildConfiguration;
			buildSettings = {
				BUNDLE_LOADER = "$(TEST_HOST)";
				CODE_SIGN_STYLE = Automatic;
				CURRENT_PROJECT_VERSION = 1;
				GENERATE_INFOPLIST_FILE = YES;
				MARKETING_VERSION = 1.0;
				PRODUCT_BUNDLE_IDENTIFIER = "Vpekdas.Divergence-Meter-Watchface-Watch-AppTests";
				PRODUCT_NAME = "$(TARGET_NAME)";
				SDKROOT = watchos;
				SWIFT_EMIT_LOC_STRINGS = NO;
				SWIFT_VERSION = 5.0;
				TARGETED_DEVICE_FAMILY = 4;
				TEST_HOST = "$(BUILT_PRODUCTS_DIR)/Divergence_Meter_Watchface Watch App.app/$(BUNDLE_EXECUTABLE_FOLDER_PATH)/Divergence_Meter_Watchface Watch App";
				WATCHOS_DEPLOYMENT_TARGET = 11.0;
			};
			name = Debug;
		};
		DCBCAB122CB1B1A600A183C9 /* Release */ = {
			isa = XCBuildConfiguration;
			buildSettings = {
				BUNDLE_LOADER = "$(TEST_HOST)";
				CODE_SIGN_STYLE = Automatic;
				CURRENT_PROJECT_VERSION = 1;
				GENERATE_INFOPLIST_FILE = YES;
				MARKETING_VERSION = 1.0;
				PRODUCT_BUNDLE_IDENTIFIER = "Vpekdas.Divergence-Meter-Watchface-Watch-AppTests";
				PRODUCT_NAME = "$(TARGET_NAME)";
				SDKROOT = watchos;
				SWIFT_EMIT_LOC_STRINGS = NO;
				SWIFT_VERSION = 5.0;
				TARGETED_DEVICE_FAMILY = 4;
				TEST_HOST = "$(BUILT_PRODUCTS_DIR)/Divergence_Meter_Watchface Watch App.app/$(BUNDLE_EXECUTABLE_FOLDER_PATH)/Divergence_Meter_Watchface Watch App";
				VALIDATE_PRODUCT = YES;
				WATCHOS_DEPLOYMENT_TARGET = 11.0;
			};
			name = Release;
		};
		DCBCAB142CB1B1A600A183C9 /* Debug */ = {
			isa = XCBuildConfiguration;
			buildSettings = {
				CODE_SIGN_STYLE = Automatic;
				CURRENT_PROJECT_VERSION = 1;
				GENERATE_INFOPLIST_FILE = YES;
				MARKETING_VERSION = 1.0;
				PRODUCT_BUNDLE_IDENTIFIER = "Vpekdas.Divergence-Meter-Watchface-Watch-AppUITests";
				PRODUCT_NAME = "$(TARGET_NAME)";
				SDKROOT = watchos;
				SWIFT_EMIT_LOC_STRINGS = NO;
				SWIFT_VERSION = 5.0;
				TARGETED_DEVICE_FAMILY = 4;
				TEST_TARGET_NAME = "Divergence_Meter_Watchface Watch App";
				WATCHOS_DEPLOYMENT_TARGET = 11.0;
			};
			name = Debug;
		};
		DCBCAB152CB1B1A600A183C9 /* Release */ = {
			isa = XCBuildConfiguration;
			buildSettings = {
				CODE_SIGN_STYLE = Automatic;
				CURRENT_PROJECT_VERSION = 1;
				GENERATE_INFOPLIST_FILE = YES;
				MARKETING_VERSION = 1.0;
				PRODUCT_BUNDLE_IDENTIFIER = "Vpekdas.Divergence-Meter-Watchface-Watch-AppUITests";
				PRODUCT_NAME = "$(TARGET_NAME)";
				SDKROOT = watchos;
				SWIFT_EMIT_LOC_STRINGS = NO;
				SWIFT_VERSION = 5.0;
				TARGETED_DEVICE_FAMILY = 4;
				TEST_TARGET_NAME = "Divergence_Meter_Watchface Watch App";
				VALIDATE_PRODUCT = YES;
				WATCHOS_DEPLOYMENT_TARGET = 11.0;
			};
			name = Release;
		};
/* End XCBuildConfiguration section */

/* Begin XCConfigurationList section */
		DCBCAADA2CB1B1A500A183C9 /* Build configuration list for PBXProject "Divergence_Meter_Watchface" */ = {
			isa = XCConfigurationList;
			buildConfigurations = (
				DCBCAB072CB1B1A600A183C9 /* Debug */,
				DCBCAB082CB1B1A600A183C9 /* Release */,
			);
			defaultConfigurationIsVisible = 0;
			defaultConfigurationName = Release;
		};
		DCBCAB092CB1B1A600A183C9 /* Build configuration list for PBXNativeTarget "Divergence_Meter_Watchface Watch App" */ = {
			isa = XCConfigurationList;
			buildConfigurations = (
				DCBCAB0A2CB1B1A600A183C9 /* Debug */,
				DCBCAB0B2CB1B1A600A183C9 /* Release */,
			);
			defaultConfigurationIsVisible = 0;
			defaultConfigurationName = Release;
		};
		DCBCAB0D2CB1B1A600A183C9 /* Build configuration list for PBXNativeTarget "Divergence_Meter_Watchface" */ = {
			isa = XCConfigurationList;
			buildConfigurations = (
				DCBCAB0E2CB1B1A600A183C9 /* Debug */,
				DCBCAB0F2CB1B1A600A183C9 /* Release */,
			);
			defaultConfigurationIsVisible = 0;
			defaultConfigurationName = Release;
		};
		DCBCAB102CB1B1A600A183C9 /* Build configuration list for PBXNativeTarget "Divergence_Meter_Watchface Watch AppTests" */ = {
			isa = XCConfigurationList;
			buildConfigurations = (
				DCBCAB112CB1B1A600A183C9 /* Debug */,
				DCBCAB122CB1B1A600A183C9 /* Release */,
			);
			defaultConfigurationIsVisible = 0;
			defaultConfigurationName = Release;
		};
		DCBCAB132CB1B1A600A183C9 /* Build configuration list for PBXNativeTarget "Divergence_Meter_Watchface Watch AppUITests" */ = {
			isa = XCConfigurationList;
			buildConfigurations = (
				DCBCAB142CB1B1A600A183C9 /* Debug */,
				DCBCAB152CB1B1A600A183C9 /* Release */,
			);
			defaultConfigurationIsVisible = 0;
			defaultConfigurationName = Release;
		};
/* End XCConfigurationList section */
	};
	rootObject = DCBCAAD72CB1B1A500A183C9 /* Project object */;
}
